
Microsoft Visual Studio Solution File, Format Version 12.00
# Visual Studio Version 16
VisualStudioVersion = 16.0.28803.452
MinimumVisualStudioVersion = 10.0.40219.1
Project("{FAE04EC0-301F-11D3-BF4B-00C04F79EFBC}") = "Books", "Books\Books.csproj", "{C35FEF6F-76DA-4154-9495-7FB0EFACEF0C}"
EndProject
Project("{FAE04EC0-301F-11D3-BF4B-00C04F79EFBC}") = "Books.UnitTests", "Books.UnitTests\Books.UnitTests.csproj", "{CC998F8C-7CC8-44E6-9208-A12BAD35B2C9}"
EndProject
Global
	GlobalSection(SolutionConfigurationPlatforms) = preSolution
		Debug|Any CPU = Debug|Any CPU
		Release|Any CPU = Release|Any CPU
	EndGlobalSection
	GlobalSection(ProjectConfigurationPlatforms) = postSolution
		{C35FEF6F-76DA-4154-9495-7FB0EFACEF0C}.Debug|Any CPU.ActiveCfg = Debug|Any CPU
		{C35FEF6F-76DA-4154-9495-7FB0EFACEF0C}.Debug|Any CPU.Build.0 = Debug|Any CPU
		{C35FEF6F-76DA-4154-9495-7FB0EFACEF0C}.Release|Any CPU.ActiveCfg = Release|Any CPU
		{C35FEF6F-76DA-4154-9495-7FB0EFACEF0C}.Release|Any CPU.Build.0 = Release|Any CPU
		{CC998F8C-7CC8-44E6-9208-A12BAD35B2C9}.Debug|Any CPU.ActiveCfg = Debug|Any CPU
		{CC998F8C-7CC8-44E6-9208-A12BAD35B2C9}.Debug|Any CPU.Build.0 = Debug|Any CPU
		{CC998F8C-7CC8-44E6-9208-A12BAD35B2C9}.Release|Any CPU.ActiveCfg = Release|Any CPU
		{CC998F8C-7CC8-44E6-9208-A12BAD35B2C9}.Release|Any CPU.Build.0 = Release|Any CPU
	EndGlobalSection
	GlobalSection(SolutionProperties) = preSolution
		HideSolutionNode = FALSE
	EndGlobalSection
	GlobalSection(ExtensibilityGlobals) = postSolution
		SolutionGuid = {8DA2AEEB-8AA7-4F31-BE76-213C1805154B}
	EndGlobalSection
EndGlobal
