
Microsoft Visual Studio Solution File, Format Version 12.00
# Visual Studio 15
VisualStudioVersion = 15.0.28307.489
MinimumVisualStudioVersion = 10.0.40219.1
Project("{FAE04EC0-301F-11D3-BF4B-00C04F79EFBC}") = "GroupProblem", "GroupProblem\GroupProblem.csproj", "{C17AE930-F059-4930-A6C0-DD7851BDAA78}"
EndProject
Project("{FAE04EC0-301F-11D3-BF4B-00C04F79EFBC}") = "Tests", "Tests\Tests.csproj", "{102C802D-3022-4148-94E1-ED2E0335D7A0}"
EndProject
Global
	GlobalSection(SolutionConfigurationPlatforms) = preSolution
		Debug|Any CPU = Debug|Any CPU
		Release|Any CPU = Release|Any CPU
	EndGlobalSection
	GlobalSection(ProjectConfigurationPlatforms) = postSolution
		{C17AE930-F059-4930-A6C0-DD7851BDAA78}.Debug|Any CPU.ActiveCfg = Debug|Any CPU
		{C17AE930-F059-4930-A6C0-DD7851BDAA78}.Debug|Any CPU.Build.0 = Debug|Any CPU
		{C17AE930-F059-4930-A6C0-DD7851BDAA78}.Release|Any CPU.ActiveCfg = Release|Any CPU
		{C17AE930-F059-4930-A6C0-DD7851BDAA78}.Release|Any CPU.Build.0 = Release|Any CPU
		{102C802D-3022-4148-94E1-ED2E0335D7A0}.Debug|Any CPU.ActiveCfg = Debug|Any CPU
		{102C802D-3022-4148-94E1-ED2E0335D7A0}.Debug|Any CPU.Build.0 = Debug|Any CPU
		{102C802D-3022-4148-94E1-ED2E0335D7A0}.Release|Any CPU.ActiveCfg = Release|Any CPU
		{102C802D-3022-4148-94E1-ED2E0335D7A0}.Release|Any CPU.Build.0 = Release|Any CPU
	EndGlobalSection
	GlobalSection(SolutionProperties) = preSolution
		HideSolutionNode = FALSE
	EndGlobalSection
	GlobalSection(ExtensibilityGlobals) = postSolution
		SolutionGuid = {CB6B94BC-9951-4DFE-B031-8EFEFD059E8F}
	EndGlobalSection
EndGlobal
