
Microsoft Visual Studio Solution File, Format Version 12.00
# Visual Studio 15
VisualStudioVersion = 15.0.28307.489
MinimumVisualStudioVersion = 10.0.40219.1
Project("{FAE04EC0-301F-11D3-BF4B-00C04F79EFBC}") = "BillPay", "BillPay\BillPay.csproj", "{D2C6C26D-00E1-47DF-9CCC-7C5625E3F36B}"
EndProject
Global
	GlobalSection(SolutionConfigurationPlatforms) = preSolution
		Debug|Any CPU = Debug|Any CPU
		Release|Any CPU = Release|Any CPU
	EndGlobalSection
	GlobalSection(ProjectConfigurationPlatforms) = postSolution
		{D2C6C26D-00E1-47DF-9CCC-7C5625E3F36B}.Debug|Any CPU.ActiveCfg = Debug|Any CPU
		{D2C6C26D-00E1-47DF-9CCC-7C5625E3F36B}.Debug|Any CPU.Build.0 = Debug|Any CPU
		{D2C6C26D-00E1-47DF-9CCC-7C5625E3F36B}.Release|Any CPU.ActiveCfg = Release|Any CPU
		{D2C6C26D-00E1-47DF-9CCC-7C5625E3F36B}.Release|Any CPU.Build.0 = Release|Any CPU
	EndGlobalSection
	GlobalSection(SolutionProperties) = preSolution
		HideSolutionNode = FALSE
	EndGlobalSection
	GlobalSection(ExtensibilityGlobals) = postSolution
		SolutionGuid = {B344E949-CDBA-4C92-9B01-E13C18429CE0}
	EndGlobalSection
EndGlobal
