
Microsoft Visual Studio Solution File, Format Version 12.00
# Visual Studio Version 16
VisualStudioVersion = 16.0.28803.452
MinimumVisualStudioVersion = 10.0.40219.1
Project("{FAE04EC0-301F-11D3-BF4B-00C04F79EFBC}") = "WordWrap.UnitTests", "Challenge.UnitTests\WordWrap.UnitTests.csproj", "{C6A9B501-C3A9-4CB3-933E-F8A81F37DCDC}"
EndProject
Project("{FAE04EC0-301F-11D3-BF4B-00C04F79EFBC}") = "WordWrap", "Wrap\WordWrap.csproj", "{4757B3A4-2E36-46AA-935D-96103CD8CA69}"
EndProject
Global
	GlobalSection(SolutionConfigurationPlatforms) = preSolution
		Debug|Any CPU = Debug|Any CPU
		Release|Any CPU = Release|Any CPU
	EndGlobalSection
	GlobalSection(ProjectConfigurationPlatforms) = postSolution
		{C6A9B501-C3A9-4CB3-933E-F8A81F37DCDC}.Debug|Any CPU.ActiveCfg = Debug|Any CPU
		{C6A9B501-C3A9-4CB3-933E-F8A81F37DCDC}.Debug|Any CPU.Build.0 = Debug|Any CPU
		{C6A9B501-C3A9-4CB3-933E-F8A81F37DCDC}.Release|Any CPU.ActiveCfg = Release|Any CPU
		{C6A9B501-C3A9-4CB3-933E-F8A81F37DCDC}.Release|Any CPU.Build.0 = Release|Any CPU
		{4757B3A4-2E36-46AA-935D-96103CD8CA69}.Debug|Any CPU.ActiveCfg = Debug|Any CPU
		{4757B3A4-2E36-46AA-935D-96103CD8CA69}.Debug|Any CPU.Build.0 = Debug|Any CPU
		{4757B3A4-2E36-46AA-935D-96103CD8CA69}.Release|Any CPU.ActiveCfg = Release|Any CPU
		{4757B3A4-2E36-46AA-935D-96103CD8CA69}.Release|Any CPU.Build.0 = Release|Any CPU
	EndGlobalSection
	GlobalSection(SolutionProperties) = preSolution
		HideSolutionNode = FALSE
	EndGlobalSection
	GlobalSection(ExtensibilityGlobals) = postSolution
		SolutionGuid = {6247F251-4D83-4EFF-AFB1-8B858445433D}
	EndGlobalSection
EndGlobal
