
Microsoft Visual Studio Solution File, Format Version 12.00
# Visual Studio 15
VisualStudioVersion = 15.0.28307.489
MinimumVisualStudioVersion = 10.0.40219.1
Project("{FAE04EC0-301F-11D3-BF4B-00C04F79EFBC}") = "Tests", "BillPayTdd\Tests.csproj", "{F7573383-6800-4000-B966-B40FD05C666E}"
EndProject
Project("{FAE04EC0-301F-11D3-BF4B-00C04F79EFBC}") = "PaymentDateCheck", "HolidayService.cs\PaymentDateCheck.csproj", "{5D7F22DD-A360-4BE5-A094-D7DC8A6D51EC}"
EndProject
Global
	GlobalSection(SolutionConfigurationPlatforms) = preSolution
		Debug|Any CPU = Debug|Any CPU
		Release|Any CPU = Release|Any CPU
	EndGlobalSection
	GlobalSection(ProjectConfigurationPlatforms) = postSolution
		{F7573383-6800-4000-B966-B40FD05C666E}.Debug|Any CPU.ActiveCfg = Debug|Any CPU
		{F7573383-6800-4000-B966-B40FD05C666E}.Debug|Any CPU.Build.0 = Debug|Any CPU
		{F7573383-6800-4000-B966-B40FD05C666E}.Release|Any CPU.ActiveCfg = Release|Any CPU
		{F7573383-6800-4000-B966-B40FD05C666E}.Release|Any CPU.Build.0 = Release|Any CPU
		{5D7F22DD-A360-4BE5-A094-D7DC8A6D51EC}.Debug|Any CPU.ActiveCfg = Debug|Any CPU
		{5D7F22DD-A360-4BE5-A094-D7DC8A6D51EC}.Debug|Any CPU.Build.0 = Debug|Any CPU
		{5D7F22DD-A360-4BE5-A094-D7DC8A6D51EC}.Release|Any CPU.ActiveCfg = Release|Any CPU
		{5D7F22DD-A360-4BE5-A094-D7DC8A6D51EC}.Release|Any CPU.Build.0 = Release|Any CPU
	EndGlobalSection
	GlobalSection(SolutionProperties) = preSolution
		HideSolutionNode = FALSE
	EndGlobalSection
	GlobalSection(ExtensibilityGlobals) = postSolution
		SolutionGuid = {7D408065-D83C-42F4-B95D-CC1D713B0BF5}
	EndGlobalSection
EndGlobal
